
Microsoft Visual Studio Solution File, Format Version 12.00
# Visual Studio Version 17
VisualStudioVersion = 17.7.34018.315
MinimumVisualStudioVersion = 10.0.40219.1
Project("{9A19103F-16F7-4668-BE54-9A1E7A4F7556}") = "CORE", "CORE\CORE.csproj", "{7A9B5E5D-F652-496B-96B6-FBEC147F3985}"
EndProject
Project("{2150E333-8FDC-42A3-9474-1A3956D46DE8}") = "Элементы решения", "Элементы решения", "{754FC069-D67B-A9D7-50A1-8D1CA196D8F1}"
	ProjectSection(SolutionItems) = preProject
		.gitignore = .gitignore
		LICENSE.txt = LICENSE.txt
		Readme.md = Readme.md
	EndProjectSection
EndProject
Project("{FAE04EC0-301F-11D3-BF4B-00C04F79EFBC}") = "TEST", "TEST\TEST.csproj", "{4EB88AB1-06C5-46B3-B6DB-67E58B3F4E94}"
EndProject
Project("{FAE04EC0-301F-11D3-BF4B-00C04F79EFBC}") = "MissionFiles", "MissionFiles\MissionFiles.csproj", "{EBBC46CC-3CD4-4E4E-887B-E4B978CE4C51}"
EndProject
Project("{FAE04EC0-301F-11D3-BF4B-00C04F79EFBC}") = "Tools", "Tools\Tools.csproj", "{C95ABA13-58EA-48A6-B1AE-1BCD399C29C1}"
EndProject
Global
	GlobalSection(SolutionConfigurationPlatforms) = preSolution
		Debug|Any CPU = Debug|Any CPU
		Release|Any CPU = Release|Any CPU
	EndGlobalSection
	GlobalSection(ProjectConfigurationPlatforms) = postSolution
		{7A9B5E5D-F652-496B-96B6-FBEC147F3985}.Debug|Any CPU.ActiveCfg = Debug|Any CPU
		{7A9B5E5D-F652-496B-96B6-FBEC147F3985}.Debug|Any CPU.Build.0 = Debug|Any CPU
		{7A9B5E5D-F652-496B-96B6-FBEC147F3985}.Release|Any CPU.ActiveCfg = Release|Any CPU
		{7A9B5E5D-F652-496B-96B6-FBEC147F3985}.Release|Any CPU.Build.0 = Release|Any CPU
		{4EB88AB1-06C5-46B3-B6DB-67E58B3F4E94}.Debug|Any CPU.ActiveCfg = Debug|Any CPU
		{4EB88AB1-06C5-46B3-B6DB-67E58B3F4E94}.Debug|Any CPU.Build.0 = Debug|Any CPU
		{4EB88AB1-06C5-46B3-B6DB-67E58B3F4E94}.Release|Any CPU.ActiveCfg = Release|Any CPU
		{4EB88AB1-06C5-46B3-B6DB-67E58B3F4E94}.Release|Any CPU.Build.0 = Release|Any CPU
		{EBBC46CC-3CD4-4E4E-887B-E4B978CE4C51}.Debug|Any CPU.ActiveCfg = Debug|Any CPU
		{EBBC46CC-3CD4-4E4E-887B-E4B978CE4C51}.Debug|Any CPU.Build.0 = Debug|Any CPU
		{EBBC46CC-3CD4-4E4E-887B-E4B978CE4C51}.Release|Any CPU.ActiveCfg = Release|Any CPU
		{EBBC46CC-3CD4-4E4E-887B-E4B978CE4C51}.Release|Any CPU.Build.0 = Release|Any CPU
		{C95ABA13-58EA-48A6-B1AE-1BCD399C29C1}.Debug|Any CPU.ActiveCfg = Debug|Any CPU
		{C95ABA13-58EA-48A6-B1AE-1BCD399C29C1}.Debug|Any CPU.Build.0 = Debug|Any CPU
		{C95ABA13-58EA-48A6-B1AE-1BCD399C29C1}.Release|Any CPU.ActiveCfg = Release|Any CPU
		{C95ABA13-58EA-48A6-B1AE-1BCD399C29C1}.Release|Any CPU.Build.0 = Release|Any CPU
	EndGlobalSection
	GlobalSection(SolutionProperties) = preSolution
		HideSolutionNode = FALSE
	EndGlobalSection
	GlobalSection(ExtensibilityGlobals) = postSolution
		SolutionGuid = {6536B03E-19C8-4C4A-8DB3-0C31A3D99C84}
	EndGlobalSection
EndGlobal
